
Microsoft Visual Studio Solution File, Format Version 12.00
# Visual Studio Version 16
VisualStudioVersion = 16.0.30717.126
MinimumVisualStudioVersion = 10.0.40219.1
Project("{9A19103F-16F7-4668-BE54-9A1E7A4F7556}") = "Chat App", "Chat App\Chat App.csproj", "{446EFFA4-02C3-4156-BE75-E9AA78FB7071}"
EndProject
Project("{9A19103F-16F7-4668-BE54-9A1E7A4F7556}") = "Client", "Client\Client.csproj", "{C1E03756-A606-4B6D-AC98-BFC7C2580756}"
EndProject
Project("{9A19103F-16F7-4668-BE54-9A1E7A4F7556}") = "Communication", "Communication\Communication.csproj", "{59E02ABF-345C-45A3-BD0B-50D3096E837B}"
EndProject
Project("{FAE04EC0-301F-11D3-BF4B-00C04F79EFBC}") = "Models", "Models\Models.csproj", "{3849C4DD-7ED2-46DA-B586-298D92DA41A1}"
EndProject
Global
	GlobalSection(SolutionConfigurationPlatforms) = preSolution
		Debug|Any CPU = Debug|Any CPU
		Release|Any CPU = Release|Any CPU
	EndGlobalSection
	GlobalSection(ProjectConfigurationPlatforms) = postSolution
		{446EFFA4-02C3-4156-BE75-E9AA78FB7071}.Debug|Any CPU.ActiveCfg = Debug|Any CPU
		{446EFFA4-02C3-4156-BE75-E9AA78FB7071}.Debug|Any CPU.Build.0 = Debug|Any CPU
		{446EFFA4-02C3-4156-BE75-E9AA78FB7071}.Release|Any CPU.ActiveCfg = Release|Any CPU
		{446EFFA4-02C3-4156-BE75-E9AA78FB7071}.Release|Any CPU.Build.0 = Release|Any CPU
		{C1E03756-A606-4B6D-AC98-BFC7C2580756}.Debug|Any CPU.ActiveCfg = Debug|Any CPU
		{C1E03756-A606-4B6D-AC98-BFC7C2580756}.Debug|Any CPU.Build.0 = Debug|Any CPU
		{C1E03756-A606-4B6D-AC98-BFC7C2580756}.Release|Any CPU.ActiveCfg = Release|Any CPU
		{C1E03756-A606-4B6D-AC98-BFC7C2580756}.Release|Any CPU.Build.0 = Release|Any CPU
		{59E02ABF-345C-45A3-BD0B-50D3096E837B}.Debug|Any CPU.ActiveCfg = Debug|Any CPU
		{59E02ABF-345C-45A3-BD0B-50D3096E837B}.Debug|Any CPU.Build.0 = Debug|Any CPU
		{59E02ABF-345C-45A3-BD0B-50D3096E837B}.Release|Any CPU.ActiveCfg = Release|Any CPU
		{59E02ABF-345C-45A3-BD0B-50D3096E837B}.Release|Any CPU.Build.0 = Release|Any CPU
		{3849C4DD-7ED2-46DA-B586-298D92DA41A1}.Debug|Any CPU.ActiveCfg = Debug|Any CPU
		{3849C4DD-7ED2-46DA-B586-298D92DA41A1}.Debug|Any CPU.Build.0 = Debug|Any CPU
		{3849C4DD-7ED2-46DA-B586-298D92DA41A1}.Release|Any CPU.ActiveCfg = Release|Any CPU
		{3849C4DD-7ED2-46DA-B586-298D92DA41A1}.Release|Any CPU.Build.0 = Release|Any CPU
	EndGlobalSection
	GlobalSection(SolutionProperties) = preSolution
		HideSolutionNode = FALSE
	EndGlobalSection
	GlobalSection(ExtensibilityGlobals) = postSolution
		SolutionGuid = {84B95376-1531-4602-8998-66B78D2B71FD}
	EndGlobalSection
EndGlobal
